
Microsoft Visual Studio Solution File, Format Version 12.00
# Visual Studio Version 17
VisualStudioVersion = 17.10.35013.160
MinimumVisualStudioVersion = 10.0.40219.1
Project("{9A19103F-16F7-4668-BE54-9A1E7A4F7556}") = "Presentation", "Presentation\Presentation.csproj", "{E79E162B-A11E-45D4-B915-7C146DE4D3E3}"
EndProject
Project("{9A19103F-16F7-4668-BE54-9A1E7A4F7556}") = "Domain", "Domain\Domain.csproj", "{3F3514FC-8AA3-4C5A-BEF5-4DB9F682A0A2}"
EndProject
Project("{9A19103F-16F7-4668-BE54-9A1E7A4F7556}") = "Repositories", "DataAccess\Repositories.csproj", "{A90667E6-DDD3-43D1-A273-A23CD095C653}"
EndProject
Project("{9A19103F-16F7-4668-BE54-9A1E7A4F7556}") = "Persistence", "Persistence\Persistence.csproj", "{8E7E85AC-D5A3-4182-8644-681A3E959D0B}"
EndProject
Project("{9A19103F-16F7-4668-BE54-9A1E7A4F7556}") = "Application", "Application\Application.csproj", "{ED58DA7C-3022-4D9E-B1CA-00235A113851}"
EndProject
Project("{2150E333-8FDC-42A3-9474-1A3956D46DE8}") = "Solution Items", "Solution Items", "{023EE1EE-4BA1-4AF7-B3C3-FB62F2EFAF77}"
	ProjectSection(SolutionItems) = preProject
		.editorconfig = .editorconfig
	EndProjectSection
EndProject
Global
	GlobalSection(SolutionConfigurationPlatforms) = preSolution
		Debug|Any CPU = Debug|Any CPU
		Release|Any CPU = Release|Any CPU
	EndGlobalSection
	GlobalSection(ProjectConfigurationPlatforms) = postSolution
		{E79E162B-A11E-45D4-B915-7C146DE4D3E3}.Debug|Any CPU.ActiveCfg = Debug|Any CPU
		{E79E162B-A11E-45D4-B915-7C146DE4D3E3}.Debug|Any CPU.Build.0 = Debug|Any CPU
		{E79E162B-A11E-45D4-B915-7C146DE4D3E3}.Release|Any CPU.ActiveCfg = Release|Any CPU
		{E79E162B-A11E-45D4-B915-7C146DE4D3E3}.Release|Any CPU.Build.0 = Release|Any CPU
		{3F3514FC-8AA3-4C5A-BEF5-4DB9F682A0A2}.Debug|Any CPU.ActiveCfg = Debug|Any CPU
		{3F3514FC-8AA3-4C5A-BEF5-4DB9F682A0A2}.Debug|Any CPU.Build.0 = Debug|Any CPU
		{3F3514FC-8AA3-4C5A-BEF5-4DB9F682A0A2}.Release|Any CPU.ActiveCfg = Release|Any CPU
		{3F3514FC-8AA3-4C5A-BEF5-4DB9F682A0A2}.Release|Any CPU.Build.0 = Release|Any CPU
		{A90667E6-DDD3-43D1-A273-A23CD095C653}.Debug|Any CPU.ActiveCfg = Debug|Any CPU
		{A90667E6-DDD3-43D1-A273-A23CD095C653}.Debug|Any CPU.Build.0 = Debug|Any CPU
		{A90667E6-DDD3-43D1-A273-A23CD095C653}.Release|Any CPU.ActiveCfg = Release|Any CPU
		{A90667E6-DDD3-43D1-A273-A23CD095C653}.Release|Any CPU.Build.0 = Release|Any CPU
		{8E7E85AC-D5A3-4182-8644-681A3E959D0B}.Debug|Any CPU.ActiveCfg = Debug|Any CPU
		{8E7E85AC-D5A3-4182-8644-681A3E959D0B}.Debug|Any CPU.Build.0 = Debug|Any CPU
		{8E7E85AC-D5A3-4182-8644-681A3E959D0B}.Release|Any CPU.ActiveCfg = Release|Any CPU
		{8E7E85AC-D5A3-4182-8644-681A3E959D0B}.Release|Any CPU.Build.0 = Release|Any CPU
		{ED58DA7C-3022-4D9E-B1CA-00235A113851}.Debug|Any CPU.ActiveCfg = Debug|Any CPU
		{ED58DA7C-3022-4D9E-B1CA-00235A113851}.Debug|Any CPU.Build.0 = Debug|Any CPU
		{ED58DA7C-3022-4D9E-B1CA-00235A113851}.Release|Any CPU.ActiveCfg = Release|Any CPU
		{ED58DA7C-3022-4D9E-B1CA-00235A113851}.Release|Any CPU.Build.0 = Release|Any CPU
	EndGlobalSection
	GlobalSection(SolutionProperties) = preSolution
		HideSolutionNode = FALSE
	EndGlobalSection
	GlobalSection(ExtensibilityGlobals) = postSolution
		SolutionGuid = {D6D15873-F81F-4657-92DB-301C268DE56E}
	EndGlobalSection
EndGlobal
